
Microsoft Visual Studio Solution File, Format Version 12.00
# Visual Studio Version 16
VisualStudioVersion = 16.0.30907.101
MinimumVisualStudioVersion = 10.0.40219.1
Project("{FAE04EC0-301F-11D3-BF4B-00C04F79EFBC}") = "ProjectProduct", "ProjectProduct\ProjectProduct.csproj", "{AB44FAD7-04C3-4542-8943-844AC5746095}"
EndProject
Global
	GlobalSection(SolutionConfigurationPlatforms) = preSolution
		Debug|Any CPU = Debug|Any CPU
		Release|Any CPU = Release|Any CPU
	EndGlobalSection
	GlobalSection(ProjectConfigurationPlatforms) = postSolution
		{AB44FAD7-04C3-4542-8943-844AC5746095}.Debug|Any CPU.ActiveCfg = Debug|Any CPU
		{AB44FAD7-04C3-4542-8943-844AC5746095}.Debug|Any CPU.Build.0 = Debug|Any CPU
		{AB44FAD7-04C3-4542-8943-844AC5746095}.Release|Any CPU.ActiveCfg = Release|Any CPU
		{AB44FAD7-04C3-4542-8943-844AC5746095}.Release|Any CPU.Build.0 = Release|Any CPU
	EndGlobalSection
	GlobalSection(SolutionProperties) = preSolution
		HideSolutionNode = FALSE
	EndGlobalSection
	GlobalSection(ExtensibilityGlobals) = postSolution
		SolutionGuid = {3BA05F11-BC11-4673-8575-6D6695337771}
	EndGlobalSection
EndGlobal
